
Microsoft Visual Studio Solution File, Format Version 12.00
# Visual Studio Version 17
VisualStudioVersion = 17.8.34330.188
MinimumVisualStudioVersion = 10.0.40219.1
Project("{FAE04EC0-301F-11D3-BF4B-00C04F79EFBC}") = "Tienda-LogicaNegocio", "Tienda-LogicaNegocio\Tienda-LogicaNegocio.csproj", "{6152D79D-53B1-4FE3-95EB-8732AA4ED4C0}"
EndProject
Project("{FAE04EC0-301F-11D3-BF4B-00C04F79EFBC}") = "Presentacion-Tienda", "Presentacion-Tienda\Presentacion-Tienda.csproj", "{5C8D204A-9669-40F9-9B52-A0F668096683}"
EndProject
Project("{FAE04EC0-301F-11D3-BF4B-00C04F79EFBC}") = "Tienda-AccesoDatos", "Tienda-AccesoDatos\Tienda-AccesoDatos.csproj", "{A29D7404-1763-4792-AC07-C359B6C77F41}"
EndProject
Project("{FAE04EC0-301F-11D3-BF4B-00C04F79EFBC}") = "Tienda-Entidades", "Tienda-Entidades\Tienda-Entidades.csproj", "{E69A910B-2B08-4CBD-BD2F-F4267223AB5C}"
EndProject
Global
	GlobalSection(SolutionConfigurationPlatforms) = preSolution
		Debug|Any CPU = Debug|Any CPU
		Release|Any CPU = Release|Any CPU
	EndGlobalSection
	GlobalSection(ProjectConfigurationPlatforms) = postSolution
		{6152D79D-53B1-4FE3-95EB-8732AA4ED4C0}.Debug|Any CPU.ActiveCfg = Debug|Any CPU
		{6152D79D-53B1-4FE3-95EB-8732AA4ED4C0}.Debug|Any CPU.Build.0 = Debug|Any CPU
		{6152D79D-53B1-4FE3-95EB-8732AA4ED4C0}.Release|Any CPU.ActiveCfg = Release|Any CPU
		{6152D79D-53B1-4FE3-95EB-8732AA4ED4C0}.Release|Any CPU.Build.0 = Release|Any CPU
		{5C8D204A-9669-40F9-9B52-A0F668096683}.Debug|Any CPU.ActiveCfg = Debug|Any CPU
		{5C8D204A-9669-40F9-9B52-A0F668096683}.Debug|Any CPU.Build.0 = Debug|Any CPU
		{5C8D204A-9669-40F9-9B52-A0F668096683}.Release|Any CPU.ActiveCfg = Release|Any CPU
		{5C8D204A-9669-40F9-9B52-A0F668096683}.Release|Any CPU.Build.0 = Release|Any CPU
		{A29D7404-1763-4792-AC07-C359B6C77F41}.Debug|Any CPU.ActiveCfg = Debug|Any CPU
		{A29D7404-1763-4792-AC07-C359B6C77F41}.Debug|Any CPU.Build.0 = Debug|Any CPU
		{A29D7404-1763-4792-AC07-C359B6C77F41}.Release|Any CPU.ActiveCfg = Release|Any CPU
		{A29D7404-1763-4792-AC07-C359B6C77F41}.Release|Any CPU.Build.0 = Release|Any CPU
		{E69A910B-2B08-4CBD-BD2F-F4267223AB5C}.Debug|Any CPU.ActiveCfg = Debug|Any CPU
		{E69A910B-2B08-4CBD-BD2F-F4267223AB5C}.Debug|Any CPU.Build.0 = Debug|Any CPU
		{E69A910B-2B08-4CBD-BD2F-F4267223AB5C}.Release|Any CPU.ActiveCfg = Release|Any CPU
		{E69A910B-2B08-4CBD-BD2F-F4267223AB5C}.Release|Any CPU.Build.0 = Release|Any CPU
	EndGlobalSection
	GlobalSection(SolutionProperties) = preSolution
		HideSolutionNode = FALSE
	EndGlobalSection
	GlobalSection(ExtensibilityGlobals) = postSolution
		SolutionGuid = {938B27DC-1495-429A-A48F-8A5FF83448D0}
	EndGlobalSection
EndGlobal
